
Microsoft Visual Studio Solution File, Format Version 12.00
# Visual Studio 15
VisualStudioVersion = 15.0.27130.2020
MinimumVisualStudioVersion = 10.0.40219.1
Project("{FAE04EC0-301F-11D3-BF4B-00C04F79EFBC}") = "NaiveSocksAndroid", "NaiveSocksAndroid\NaiveSocksAndroid.csproj", "{978957BF-F302-42CD-9730-19F7C8B04271}"
EndProject
Project("{D954291E-2A0B-460D-934E-DC6B0785DB48}") = "NaiveSocksShared", "..\NaiveSocks\NaiveSocksShared\NaiveSocksShared.shproj", "{FFFCF1F9-7C24-425B-BF68-A12F26ABB42D}"
EndProject
Project("{D954291E-2A0B-460D-934E-DC6B0785DB48}") = "NaiveSvrShared", "..\NaiveSvrLib\NaiveSvrShared\NaiveSvrShared.shproj", "{0B623DFC-5129-419C-BB03-823809F9178D}"
EndProject
Project("{D954291E-2A0B-460D-934E-DC6B0785DB48}") = "NaiveConsoleShared", "..\NaiveSvrLib\NaiveConsoleShared\NaiveConsoleShared.shproj", "{A92BC4FA-7794-4694-A814-74F3CED1CFAD}"
EndProject
Project("{2150E333-8FDC-42A3-9474-1A3956D46DE8}") = "Dependencies", "Dependencies", "{F0E6DC3F-2C8F-4D7F-B9C9-EAF98D4C5412}"
EndProject
Project("{FAE04EC0-301F-11D3-BF4B-00C04F79EFBC}") = "NaiveSvrLib", "..\NaiveSvrLib\NaiveSvrLib\NaiveSvrLib.csproj", "{B6FDCE48-2582-4CBC-B1ED-4A6952E183D2}"
EndProject
Project("{FAE04EC0-301F-11D3-BF4B-00C04F79EFBC}") = "NaiveSocksCoreAndroid", "NaiveSocksCoreAndroid\NaiveSocksCoreAndroid.csproj", "{96A734C4-93A7-4B3C-B1CC-F74EC533906A}"
EndProject
Project("{D954291E-2A0B-460D-934E-DC6B0785DB48}") = "NaiveSocksCliShared", "..\NaiveSocksCliShared\NaiveSocksCliShared.shproj", "{F8975733-0B83-4AF3-BF4E-8BCDAFEE4A70}"
EndProject
Project("{9A19103F-16F7-4668-BE54-9A1E7A4F7556}") = "DNS", "dns\DNS\DNS.csproj", "{0F8DC72A-3C56-47EE-8B13-5BE0923BEA76}"
EndProject
Global
	GlobalSection(SharedMSBuildProjectFiles) = preSolution
		..\NaiveSvrLib\NaiveSvrShared\NaiveSvrShared.projitems*{0b623dfc-5129-419c-bb03-823809f9178d}*SharedItemsImports = 13
		..\NaiveSocksCliShared\NaiveSocksCliShared.projitems*{96a734c4-93a7-4b3c-b1cc-f74ec533906a}*SharedItemsImports = 4
		..\NaiveSocks\NaiveSocksShared\NaiveSocksShared.projitems*{96a734c4-93a7-4b3c-b1cc-f74ec533906a}*SharedItemsImports = 4
		..\NaiveSvrLib\NaiveConsoleShared\NaiveConsoleShared.projitems*{a92bc4fa-7794-4694-a814-74f3ced1cfad}*SharedItemsImports = 13
		..\NaiveSvrLib\NaiveConsoleShared\NaiveConsoleShared.projitems*{b6fdce48-2582-4cbc-b1ed-4a6952e183d2}*SharedItemsImports = 4
		..\NaiveSvrLib\NaiveSvrShared\NaiveSvrShared.projitems*{b6fdce48-2582-4cbc-b1ed-4a6952e183d2}*SharedItemsImports = 4
		..\NaiveSocksCliShared\NaiveSocksCliShared.projitems*{f8975733-0b83-4af3-bf4e-8bcdafee4a70}*SharedItemsImports = 13
		..\NaiveSocks\NaiveSocksShared\NaiveSocksShared.projitems*{fffcf1f9-7c24-425b-bf68-a12f26abb42d}*SharedItemsImports = 13
	EndGlobalSection
	GlobalSection(SolutionConfigurationPlatforms) = preSolution
		Debug|Any CPU = Debug|Any CPU
		Release(Debug)|Any CPU = Release(Debug)|Any CPU
		Release|Any CPU = Release|Any CPU
	EndGlobalSection
	GlobalSection(ProjectConfigurationPlatforms) = postSolution
		{978957BF-F302-42CD-9730-19F7C8B04271}.Debug|Any CPU.ActiveCfg = Debug|Any CPU
		{978957BF-F302-42CD-9730-19F7C8B04271}.Debug|Any CPU.Build.0 = Debug|Any CPU
		{978957BF-F302-42CD-9730-19F7C8B04271}.Debug|Any CPU.Deploy.0 = Debug|Any CPU
		{978957BF-F302-42CD-9730-19F7C8B04271}.Release(Debug)|Any CPU.ActiveCfg = Release|Any CPU
		{978957BF-F302-42CD-9730-19F7C8B04271}.Release(Debug)|Any CPU.Build.0 = Release|Any CPU
		{978957BF-F302-42CD-9730-19F7C8B04271}.Release(Debug)|Any CPU.Deploy.0 = Release|Any CPU
		{978957BF-F302-42CD-9730-19F7C8B04271}.Release|Any CPU.ActiveCfg = Release|Any CPU
		{978957BF-F302-42CD-9730-19F7C8B04271}.Release|Any CPU.Build.0 = Release|Any CPU
		{978957BF-F302-42CD-9730-19F7C8B04271}.Release|Any CPU.Deploy.0 = Release|Any CPU
		{B6FDCE48-2582-4CBC-B1ED-4A6952E183D2}.Debug|Any CPU.ActiveCfg = Debug|Any CPU
		{B6FDCE48-2582-4CBC-B1ED-4A6952E183D2}.Debug|Any CPU.Build.0 = Debug|Any CPU
		{B6FDCE48-2582-4CBC-B1ED-4A6952E183D2}.Release(Debug)|Any CPU.ActiveCfg = Release|Any CPU
		{B6FDCE48-2582-4CBC-B1ED-4A6952E183D2}.Release(Debug)|Any CPU.Build.0 = Release|Any CPU
		{B6FDCE48-2582-4CBC-B1ED-4A6952E183D2}.Release|Any CPU.ActiveCfg = Release|Any CPU
		{B6FDCE48-2582-4CBC-B1ED-4A6952E183D2}.Release|Any CPU.Build.0 = Release|Any CPU
		{96A734C4-93A7-4B3C-B1CC-F74EC533906A}.Debug|Any CPU.ActiveCfg = Debug|Any CPU
		{96A734C4-93A7-4B3C-B1CC-F74EC533906A}.Debug|Any CPU.Build.0 = Debug|Any CPU
		{96A734C4-93A7-4B3C-B1CC-F74EC533906A}.Release(Debug)|Any CPU.ActiveCfg = Release|Any CPU
		{96A734C4-93A7-4B3C-B1CC-F74EC533906A}.Release(Debug)|Any CPU.Build.0 = Release|Any CPU
		{96A734C4-93A7-4B3C-B1CC-F74EC533906A}.Release|Any CPU.ActiveCfg = Release|Any CPU
		{96A734C4-93A7-4B3C-B1CC-F74EC533906A}.Release|Any CPU.Build.0 = Release|Any CPU
		{0F8DC72A-3C56-47EE-8B13-5BE0923BEA76}.Debug|Any CPU.ActiveCfg = Debug|Any CPU
		{0F8DC72A-3C56-47EE-8B13-5BE0923BEA76}.Debug|Any CPU.Build.0 = Debug|Any CPU
		{0F8DC72A-3C56-47EE-8B13-5BE0923BEA76}.Release(Debug)|Any CPU.ActiveCfg = Release|Any CPU
		{0F8DC72A-3C56-47EE-8B13-5BE0923BEA76}.Release(Debug)|Any CPU.Build.0 = Release|Any CPU
		{0F8DC72A-3C56-47EE-8B13-5BE0923BEA76}.Release|Any CPU.ActiveCfg = Release|Any CPU
		{0F8DC72A-3C56-47EE-8B13-5BE0923BEA76}.Release|Any CPU.Build.0 = Release|Any CPU
	EndGlobalSection
	GlobalSection(SolutionProperties) = preSolution
		HideSolutionNode = FALSE
	EndGlobalSection
	GlobalSection(NestedProjects) = preSolution
		{FFFCF1F9-7C24-425B-BF68-A12F26ABB42D} = {F0E6DC3F-2C8F-4D7F-B9C9-EAF98D4C5412}
		{0B623DFC-5129-419C-BB03-823809F9178D} = {F0E6DC3F-2C8F-4D7F-B9C9-EAF98D4C5412}
		{A92BC4FA-7794-4694-A814-74F3CED1CFAD} = {F0E6DC3F-2C8F-4D7F-B9C9-EAF98D4C5412}
		{B6FDCE48-2582-4CBC-B1ED-4A6952E183D2} = {F0E6DC3F-2C8F-4D7F-B9C9-EAF98D4C5412}
		{F8975733-0B83-4AF3-BF4E-8BCDAFEE4A70} = {F0E6DC3F-2C8F-4D7F-B9C9-EAF98D4C5412}
		{0F8DC72A-3C56-47EE-8B13-5BE0923BEA76} = {F0E6DC3F-2C8F-4D7F-B9C9-EAF98D4C5412}
	EndGlobalSection
	GlobalSection(ExtensibilityGlobals) = postSolution
		SolutionGuid = {A8D024E3-5A86-4B9D-81DB-F03EDD5D0E65}
	EndGlobalSection
EndGlobal
